{
  "nodes": {
    "akaia": {
      "flake": false,
      "locked": {
        "dir": "nix/configs/akaia",
        "lastModified": 1781826969,
        "narHash": "sha256-geEiFR87tTqrknCrm/wOlL1Uv86JhOnn3VvIK/3fzUo=",
        "owner": "fulsiram",
        "repo": "homelab",
        "rev": "42b5ce2accd14fb6f32157903e950867904ab0cd",
        "type": "github"
      },
      "original": {
        "dir": "nix/configs/akaia",
        "owner": "fulsiram",
        "repo": "homelab",
        "type": "github"
      }
    },
    "any-sync-compose": {
      "flake": false,
      "locked": {
        "dir": "dependencies/git/anyproto/any-sync-dockercompose",
        "lastModified": 1781826086,
        "narHash": "sha256-nc296ff2L0FheIEsVSoK1vGAU2GVsmZIh3ipSsuyvFY=",
        "ref": "refs/heads/main",
        "rev": "9298d230e17a56bc5cbe14c6d52f76ef5b2dd4fc",
        "revCount": 223,
        "type": "git",
        "url": "https://codeberg.org/Akaia_Collective/dstk"
      },
      "original": {
        "dir": "dependencies/git/anyproto/any-sync-dockercompose",
        "type": "git",
        "url": "https://codeberg.org/Akaia_Collective/dstk"
      }
    },
    "base": {
      "inputs": {
        "disko": [
          "disko"
        ],
        "nixpkgs": [
          "nixpkgs"
        ]
      },
      "locked": {
        "dir": "nix/dev-base",
        "lastModified": 1781826969,
        "narHash": "sha256-geEiFR87tTqrknCrm/wOlL1Uv86JhOnn3VvIK/3fzUo=",
        "owner": "fulsiram",
        "repo": "homelab",
        "rev": "42b5ce2accd14fb6f32157903e950867904ab0cd",
        "type": "github"
      },
      "original": {
        "dir": "nix/dev-base",
        "owner": "fulsiram",
        "repo": "homelab",
        "type": "github"
      }
    },
    "disko": {
      "inputs": {
        "nixpkgs": "nixpkgs"
      },
      "locked": {
        "lastModified": 1779226674,
        "narHash": "sha256-wuOkjI6pRiN4sEn/EPBRnNW5cmcpvd7xtIM8y5LooAs=",
        "owner": "nix-community",
        "repo": "disko",
        "rev": "65fb947964bd44fc0008faf77d1fcb7a9f40bb32",
        "type": "github"
      },
      "original": {
        "owner": "nix-community",
        "repo": "disko",
        "type": "github"
      }
    },
    "dstk": {
      "inputs": {
        "any-sync-compose": "any-sync-compose",
        "nixpkgs-caddy": "nixpkgs-caddy",
        "nixpkgs-unstable": "nixpkgs-unstable"
      },
      "locked": {
        "dir": "projects/continuity_os/system",
        "lastModified": 1781826086,
        "narHash": "sha256-nc296ff2L0FheIEsVSoK1vGAU2GVsmZIh3ipSsuyvFY=",
        "ref": "refs/heads/main",
        "rev": "9298d230e17a56bc5cbe14c6d52f76ef5b2dd4fc",
        "revCount": 223,
        "type": "git",
        "url": "https://codeberg.org/Akaia_Collective/dstk"
      },
      "original": {
        "dir": "projects/continuity_os/system",
        "type": "git",
        "url": "https://codeberg.org/Akaia_Collective/dstk"
      }
    },
    "home-manager": {
      "inputs": {
        "nixpkgs": [
          "impermanence",
          "nixpkgs"
        ]
      },
      "locked": {
        "lastModified": 1768598210,
        "narHash": "sha256-kkgA32s/f4jaa4UG+2f8C225Qvclxnqs76mf8zvTVPg=",
        "owner": "nix-community",
        "repo": "home-manager",
        "rev": "c47b2cc64a629f8e075de52e4742de688f930dc6",
        "type": "github"
      },
      "original": {
        "owner": "nix-community",
        "repo": "home-manager",
        "type": "github"
      }
    },
    "impermanence": {
      "inputs": {
        "home-manager": "home-manager",
        "nixpkgs": "nixpkgs_2"
      },
      "locked": {
        "lastModified": 1769548169,
        "narHash": "sha256-03+JxvzmfwRu+5JafM0DLbxgHttOQZkUtDWBmeUkN8Y=",
        "owner": "nix-community",
        "repo": "impermanence",
        "rev": "7b1d382faf603b6d264f58627330f9faa5cba149",
        "type": "github"
      },
      "original": {
        "owner": "nix-community",
        "repo": "impermanence",
        "type": "github"
      }
    },
    "nixpkgs": {
      "locked": {
        "lastModified": 1778036283,
        "narHash": "sha256-62EWg6lI0qyzm7oAx5cAnGkLutvJsRBe0KkEW2JDZCE=",
        "owner": "NixOS",
        "repo": "nixpkgs",
        "rev": "ed67bc86e84e51d4a88e73c7fd36006dc876476f",
        "type": "github"
      },
      "original": {
        "owner": "NixOS",
        "ref": "nixpkgs-unstable",
        "repo": "nixpkgs",
        "type": "github"
      }
    },
    "nixpkgs-caddy": {
      "flake": false,
      "locked": {
        "lastModified": 1777954456,
        "narHash": "sha256-hGdgeU2Nk87RAuZyYjyDjFL6LK7dAZN5RE9+hrDTkDU=",
        "owner": "NixOS",
        "repo": "nixpkgs",
        "rev": "549bd84d6279f9852cae6225e372cc67fb91a4c1",
        "type": "github"
      },
      "original": {
        "owner": "NixOS",
        "repo": "nixpkgs",
        "rev": "549bd84d6279f9852cae6225e372cc67fb91a4c1",
        "type": "github"
      }
    },
    "nixpkgs-unstable": {
      "locked": {
        "lastModified": 1781577229,
        "narHash": "sha256-lrp67w8AulE9Ks53n27I45ADSzbOCn4H+CNW1Ck8B+8=",
        "owner": "NixOS",
        "repo": "nixpkgs",
        "rev": "567a49d1913ce81ac6e9582e3553dd90a955875f",
        "type": "github"
      },
      "original": {
        "owner": "NixOS",
        "ref": "nixos-unstable",
        "repo": "nixpkgs",
        "type": "github"
      }
    },
    "nixpkgs_2": {
      "locked": {
        "lastModified": 1768564909,
        "narHash": "sha256-Kell/SpJYVkHWMvnhqJz/8DqQg2b6PguxVWOuadbHCc=",
        "owner": "nixos",
        "repo": "nixpkgs",
        "rev": "e4bae1bd10c9c57b2cf517953ab70060a828ee6f",
        "type": "github"
      },
      "original": {
        "owner": "nixos",
        "ref": "nixos-unstable",
        "repo": "nixpkgs",
        "type": "github"
      }
    },
    "nixpkgs_3": {
      "locked": {
        "lastModified": 1779357205,
        "narHash": "sha256-cCO8aTqss5x9Ky8GWkpY0Hy5fyTZEbtifSUV8QjSzic=",
        "owner": "nixos",
        "repo": "nixpkgs",
        "rev": "f83fc3c307e74bc5fd5adb7eb6b8b13ffd2a36e1",
        "type": "github"
      },
      "original": {
        "owner": "nixos",
        "ref": "nixos-unstable",
        "repo": "nixpkgs",
        "type": "github"
      }
    },
    "root": {
      "inputs": {
        "akaia": "akaia",
        "base": "base",
        "disko": "disko",
        "dstk": "dstk",
        "impermanence": "impermanence",
        "nixpkgs": "nixpkgs_3"
      }
    }
  },
  "root": "root",
  "version": 7
}
