{
  "nodes": {
    "akaia": {
      "flake": false,
      "locked": {
        "dir": "nix/configs/akaia",
        "lastModified": 1778539175,
        "narHash": "sha256-igMpbmO2X16fue7VviNKCCYAuEKhOSjmMrIKGnyBc/w=",
        "owner": "fulsiram",
        "repo": "homelab",
        "rev": "04e9570bdebad9425843119392fc780f510c05ea",
        "type": "github"
      },
      "original": {
        "dir": "nix/configs/akaia",
        "owner": "fulsiram",
        "repo": "homelab",
        "type": "github"
      }
    },
    "base": {
      "inputs": {
        "disko": [
          "disko"
        ],
        "nixpkgs": [
          "nixpkgs"
        ]
      },
      "locked": {
        "dir": "nix/dev-base",
        "lastModified": 1778539175,
        "narHash": "sha256-igMpbmO2X16fue7VviNKCCYAuEKhOSjmMrIKGnyBc/w=",
        "owner": "fulsiram",
        "repo": "homelab",
        "rev": "04e9570bdebad9425843119392fc780f510c05ea",
        "type": "github"
      },
      "original": {
        "dir": "nix/dev-base",
        "owner": "fulsiram",
        "repo": "homelab",
        "type": "github"
      }
    },
    "continuity-os": {
      "inputs": {
        "nixpkgs-unstable": "nixpkgs-unstable"
      },
      "locked": {
        "dir": "system/nixos",
        "lastModified": 1778377047,
        "narHash": "sha256-tZvgCqCRJzHkXPMM/zl9WHXzvIlWDNX8q3OBFG/6nn0=",
        "ref": "refs/heads/main",
        "rev": "6f2e809e7e285b002bc64af4ff6ee6e174b2db7d",
        "revCount": 136,
        "type": "git",
        "url": "https://codeberg.org/Akaia_Collective/continuity_os"
      },
      "original": {
        "dir": "system/nixos",
        "type": "git",
        "url": "https://codeberg.org/Akaia_Collective/continuity_os"
      }
    },
    "disko": {
      "inputs": {
        "nixpkgs": "nixpkgs"
      },
      "locked": {
        "lastModified": 1777713215,
        "narHash": "sha256-8GzXDOXckDWwST8TY5DbwYFjdvQLlP7K9CLSVx6iTTo=",
        "owner": "nix-community",
        "repo": "disko",
        "rev": "63b4e7e6cf75307c1d26ac3762b886b5b0247267",
        "type": "github"
      },
      "original": {
        "owner": "nix-community",
        "repo": "disko",
        "type": "github"
      }
    },
    "nixpkgs": {
      "locked": {
        "lastModified": 1773628058,
        "narHash": "sha256-hpXH0z3K9xv0fHaje136KY872VT2T5uwxtezlAskQgY=",
        "owner": "NixOS",
        "repo": "nixpkgs",
        "rev": "f8573b9c935cfaa162dd62cc9e75ae2db86f85df",
        "type": "github"
      },
      "original": {
        "owner": "NixOS",
        "ref": "nixpkgs-unstable",
        "repo": "nixpkgs",
        "type": "github"
      }
    },
    "nixpkgs-unstable": {
      "locked": {
        "lastModified": 1777954456,
        "narHash": "sha256-hGdgeU2Nk87RAuZyYjyDjFL6LK7dAZN5RE9+hrDTkDU=",
        "owner": "NixOS",
        "repo": "nixpkgs",
        "rev": "549bd84d6279f9852cae6225e372cc67fb91a4c1",
        "type": "github"
      },
      "original": {
        "owner": "NixOS",
        "ref": "nixos-unstable",
        "repo": "nixpkgs",
        "type": "github"
      }
    },
    "nixpkgs_2": {
      "locked": {
        "lastModified": 1777954456,
        "narHash": "sha256-hGdgeU2Nk87RAuZyYjyDjFL6LK7dAZN5RE9+hrDTkDU=",
        "owner": "nixos",
        "repo": "nixpkgs",
        "rev": "549bd84d6279f9852cae6225e372cc67fb91a4c1",
        "type": "github"
      },
      "original": {
        "owner": "nixos",
        "ref": "nixos-unstable",
        "repo": "nixpkgs",
        "type": "github"
      }
    },
    "root": {
      "inputs": {
        "akaia": "akaia",
        "base": "base",
        "continuity-os": "continuity-os",
        "disko": "disko",
        "nixpkgs": "nixpkgs_2"
      }
    }
  },
  "root": "root",
  "version": 7
}
